
Microsoft Visual Studio Solution File, Format Version 12.00
# Visual Studio Version 16
VisualStudioVersion = 16.0.29806.167
MinimumVisualStudioVersion = 10.0.40219.1
Project("{9A19103F-16F7-4668-BE54-9A1E7A4F7556}") = "WordFrequencyCounter", "WordFrequencyCounter\WordFrequencyCounter.csproj", "{54D37D76-9A12-4BE7-B263-2F7BFFA50742}"
EndProject
Project("{FAE04EC0-301F-11D3-BF4B-00C04F79EFBC}") = "WordFrequencyCounterTests", "WordFrequencyCounterTests\WordFrequencyCounterTests.csproj", "{A55D7113-6A40-4229-B824-9F2A452C82CF}"
EndProject
Global
	GlobalSection(SolutionConfigurationPlatforms) = preSolution
		Debug|Any CPU = Debug|Any CPU
		Release|Any CPU = Release|Any CPU
	EndGlobalSection
	GlobalSection(ProjectConfigurationPlatforms) = postSolution
		{54D37D76-9A12-4BE7-B263-2F7BFFA50742}.Debug|Any CPU.ActiveCfg = Debug|Any CPU
		{54D37D76-9A12-4BE7-B263-2F7BFFA50742}.Debug|Any CPU.Build.0 = Debug|Any CPU
		{54D37D76-9A12-4BE7-B263-2F7BFFA50742}.Release|Any CPU.ActiveCfg = Release|Any CPU
		{54D37D76-9A12-4BE7-B263-2F7BFFA50742}.Release|Any CPU.Build.0 = Release|Any CPU
		{A55D7113-6A40-4229-B824-9F2A452C82CF}.Debug|Any CPU.ActiveCfg = Debug|Any CPU
		{A55D7113-6A40-4229-B824-9F2A452C82CF}.Debug|Any CPU.Build.0 = Debug|Any CPU
		{A55D7113-6A40-4229-B824-9F2A452C82CF}.Release|Any CPU.ActiveCfg = Release|Any CPU
		{A55D7113-6A40-4229-B824-9F2A452C82CF}.Release|Any CPU.Build.0 = Release|Any CPU
	EndGlobalSection
	GlobalSection(SolutionProperties) = preSolution
		HideSolutionNode = FALSE
	EndGlobalSection
	GlobalSection(ExtensibilityGlobals) = postSolution
		SolutionGuid = {EFE80FC0-9994-41D9-BBA5-91BCC00F0990}
	EndGlobalSection
EndGlobal
